# This file is automatically @generated by Poetry 1.5.1 and should not be changed by hand.

[[package]]
name = "colorama"
version = "0.4.6"
description = "Cross-platform colored terminal text."
optional = false
python-versions = "!=3.0.*,!=3.1.*,!=3.2.*,!=3.3.*,!=3.4.*,!=3.5.*,!=3.6.*,>=2.7"
files = [
    {file = "colorama-0.4.6-py2.py3-none-any.whl", hash = "sha256:4f1d9991f5acc0ca119f9d443620b77f9d6b33703e51011c16baf57afb285fc6"},
    {file = "colorama-0.4.6.tar.gz", hash = "sha256:08695f5cb7ed6e0531a20572697297273c47b8cae5a63ffc6d6ed5c201be6e44"},
]

[[package]]
name = "exceptiongroup"
version = "1.1.1"
description = "Backport of PEP 654 (exception groups)"
optional = false
python-versions = ">=3.7"
files = [
    {file = "exceptiongroup-1.1.1-py3-none-any.whl", hash = "sha256:232c37c63e4f682982c8b6459f33a8981039e5fb8756b2074364e5055c498c9e"},
    {file = "exceptiongroup-1.1.1.tar.gz", hash = "sha256:d484c3090ba2889ae2928419117447a14daf3c1231d5e30d0aae34f354f01785"},
]

[package.extras]
test = ["pytest (>=6)"]

[[package]]
name = "importlib-metadata"
version = "6.6.0"
description = "Read metadata from Python packages"
optional = false
python-versions = ">=3.7"
files = [
    {file = "importlib_metadata-6.6.0-py3-none-any.whl", hash = "sha256:43dd286a2cd8995d5eaef7fee2066340423b818ed3fd70adf0bad5f1fac53fed"},
    {file = "importlib_metadata-6.6.0.tar.gz", hash = "sha256:92501cdf9cc66ebd3e612f1b4f0c0765dfa42f0fa38ffb319b6bd84dd675d705"},
]

[package.dependencies]
zipp = ">=0.5"

[package.extras]
docs = ["furo", "jaraco.packaging (>=9)", "jaraco.tidelift (>=1.4)", "rst.linker (>=1.9)", "sphinx (>=3.5)", "sphinx-lint"]
perf = ["ipython"]
testing = ["flake8 (<5)", "flufl.flake8", "importlib-resources (>=1.3)", "packaging", "pyfakefs", "pytest (>=6)", "pytest-black (>=0.3.7)", "pytest-checkdocs (>=2.4)", "pytest-cov", "pytest-enabler (>=1.3)", "pytest-flake8", "pytest-mypy (>=0.9.1)", "pytest-perf (>=0.9.2)"]

[[package]]
name = "iniconfig"
version = "2.0.0"
description = "brain-dead simple config-ini parsing"
optional = false
python-versions = ">=3.7"
files = [
    {file = "iniconfig-2.0.0-py3-none-any.whl", hash = "sha256:b6a85871a79d2e3b22d2d1b94ac2824226a63c6b741c88f7ae975f18b6778374"},
    {file = "iniconfig-2.0.0.tar.gz", hash = "sha256:2d91e135bf72d31a410b17c16da610a82cb55f6b0477d1a902134b24a455b8b3"},
]

[[package]]
name = "jax"
version = "0.4.12"
description = "Differentiate, compile, and transform Numpy code."
optional = false
python-versions = ">=3.8"
files = [
    {file = "jax-0.4.12.tar.gz", hash = "sha256:d2de9a2388ffe002f16506d3ad1cc6e34d7536b98948e49c7e05bbcfe8e57998"},
]

[package.dependencies]
importlib_metadata = {version = ">=4.6", markers = "python_version < \"3.10\""}
ml_dtypes = ">=0.1.0"
numpy = ">=1.21"
opt_einsum = "*"
scipy = ">=1.7"

[package.extras]
australis = ["protobuf (>=3.13,<4)"]
ci = ["jaxlib (==0.4.11)"]
cpu = ["jaxlib (==0.4.12)"]
cuda = ["jaxlib (==0.4.12+cuda11.cudnn86)"]
cuda11-cudnn82 = ["jaxlib (==0.4.12+cuda11.cudnn82)"]
cuda11-cudnn86 = ["jaxlib (==0.4.12+cuda11.cudnn86)"]
cuda11-local = ["jaxlib (==0.4.12+cuda11.cudnn86)"]
cuda11-pip = ["jaxlib (==0.4.12+cuda11.cudnn86)", "nvidia-cublas-cu11 (>=11.11)", "nvidia-cuda-cupti-cu11 (>=11.8)", "nvidia-cuda-nvcc-cu11 (>=11.8)", "nvidia-cuda-runtime-cu11 (>=11.8)", "nvidia-cudnn-cu11 (>=8.8)", "nvidia-cufft-cu11 (>=10.9)", "nvidia-cusolver-cu11 (>=11.4)", "nvidia-cusparse-cu11 (>=11.7)"]
cuda12-local = ["jaxlib (==0.4.12+cuda12.cudnn88)"]
cuda12-pip = ["jaxlib (==0.4.12+cuda12.cudnn88)", "nvidia-cublas-cu12", "nvidia-cuda-cupti-cu12", "nvidia-cuda-nvcc-cu12", "nvidia-cuda-runtime-cu12", "nvidia-cudnn-cu12 (>=8.9)", "nvidia-cufft-cu12", "nvidia-cusolver-cu12", "nvidia-cusparse-cu12"]
minimum-jaxlib = ["jaxlib (==0.4.11)"]
tpu = ["jaxlib (==0.4.12)", "libtpu-nightly (==0.1.dev20230608)"]

[[package]]
name = "jaxlib"
version = "0.4.12"
description = "XLA library for JAX"
optional = false
python-versions = ">=3.8"
files = [
    {file = "jaxlib-0.4.12-cp310-cp310-macosx_10_14_x86_64.whl", hash = "sha256:238cd7d6fbf82f9224f5e5ab27c7ca774108b790bd5d33782657c1f211fe9797"},
    {file = "jaxlib-0.4.12-cp310-cp310-macosx_11_0_arm64.whl", hash = "sha256:3a983f0c1e300154a6e4bdfe1b8ef41e204f0e847f04ee2a3f4397f4749b792a"},
    {file = "jaxlib-0.4.12-cp310-cp310-manylinux2014_x86_64.whl", hash = "sha256:f1e7f968c3fb337fc57ad4aa7ddcf63826950ade822c745230cb15b55d9b08b7"},
    {file = "jaxlib-0.4.12-cp311-cp311-macosx_10_14_x86_64.whl", hash = "sha256:1b6ecc95f7bafe2b2222b5ecefdf47f0f1ba323c2eb3036f312ec7c84f9fe7d2"},
    {file = "jaxlib-0.4.12-cp311-cp311-macosx_11_0_arm64.whl", hash = "sha256:165dc6d377033458273144077973fa0c789b60efa2a4a83c69d5737b0a86b0bd"},
    {file = "jaxlib-0.4.12-cp311-cp311-manylinux2014_x86_64.whl", hash = "sha256:6ddfa506d2f9b02a6339ad1ad01bc92cb42300f0383614058a10e25a35f15878"},
    {file = "jaxlib-0.4.12-cp38-cp38-macosx_10_14_x86_64.whl", hash = "sha256:6d32fec5a334deab66bb22d4db4310559e82870cb1810449e26cea223314373b"},
    {file = "jaxlib-0.4.12-cp38-cp38-macosx_11_0_arm64.whl", hash = "sha256:e3bafd366a138a409c545c0969fbae5c7bd6d8286a0151448c26ce169dba7784"},
    {file = "jaxlib-0.4.12-cp38-cp38-manylinux2014_x86_64.whl", hash = "sha256:13245bcbd652e61f8a86c5fabaaf27d949efd163aa3baac9542015cb7315bf6d"},
    {file = "jaxlib-0.4.12-cp39-cp39-macosx_10_14_x86_64.whl", hash = "sha256:abf561b9ef22e43efa5ad35a81761e7d84f5f00058f46514440662de4b948d44"},
    {file = "jaxlib-0.4.12-cp39-cp39-macosx_11_0_arm64.whl", hash = "sha256:880b66e99741dfe2c79274d5700cf433f183c6e0779870030bcf1a36eb1c49e1"},
    {file = "jaxlib-0.4.12-cp39-cp39-manylinux2014_x86_64.whl", hash = "sha256:b163cf61363da0fbd4baa36b75d9f922119db70b681f339b6322f40e0c86683c"},
]

[package.dependencies]
ml-dtypes = ">=0.1.0"
numpy = ">=1.21"
scipy = ">=1.7"

[package.extras]
cuda11-pip = ["nvidia-cublas-cu11 (>=11.11)", "nvidia-cuda-cupti-cu11 (>=11.8)", "nvidia-cuda-nvcc-cu11 (>=11.8)", "nvidia-cuda-runtime-cu11 (>=11.8)", "nvidia-cudnn-cu11 (>=8.8)", "nvidia-cufft-cu11 (>=10.9)", "nvidia-cusolver-cu11 (>=11.4)", "nvidia-cusparse-cu11 (>=11.7)"]
cuda12-pip = ["nvidia-cublas-cu12", "nvidia-cuda-cupti-cu12", "nvidia-cuda-nvcc-cu12", "nvidia-cuda-runtime-cu12", "nvidia-cudnn-cu12 (>=8.9)", "nvidia-cufft-cu12", "nvidia-cusolver-cu12", "nvidia-cusparse-cu12"]

[[package]]
name = "ml-dtypes"
version = "0.2.0"
description = ""
optional = false
python-versions = ">=3.7"
files = [
    {file = "ml_dtypes-0.2.0-cp310-cp310-macosx_10_9_universal2.whl", hash = "sha256:df6a76e1c8adf484feb138ed323f9f40a7b6c21788f120f7c78bec20ac37ee81"},
    {file = "ml_dtypes-0.2.0-cp310-cp310-manylinux_2_17_aarch64.manylinux2014_aarch64.whl", hash = "sha256:bc29a0524ef5e23a7fbb8d881bdecabeb3fc1d19d9db61785d077a86cb94fab2"},
    {file = "ml_dtypes-0.2.0-cp310-cp310-manylinux_2_17_x86_64.manylinux2014_x86_64.whl", hash = "sha256:f08c391c2794f2aad358e6f4c70785a9a7b1df980ef4c232b3ccd4f6fe39f719"},
    {file = "ml_dtypes-0.2.0-cp310-cp310-win_amd64.whl", hash = "sha256:75015818a7fccf99a5e8ed18720cb430f3e71a8838388840f4cdf225c036c983"},
    {file = "ml_dtypes-0.2.0-cp311-cp311-macosx_10_9_universal2.whl", hash = "sha256:e70047ec2c83eaee01afdfdabee2c5b0c133804d90d0f7db4dd903360fcc537c"},
    {file = "ml_dtypes-0.2.0-cp311-cp311-manylinux_2_17_aarch64.manylinux2014_aarch64.whl", hash = "sha256:36d28b8861a8931695e5a31176cad5ae85f6504906650dea5598fbec06c94606"},
    {file = "ml_dtypes-0.2.0-cp311-cp311-manylinux_2_17_x86_64.manylinux2014_x86_64.whl", hash = "sha256:e85ba8e24cf48d456e564688e981cf379d4c8e644db0a2f719b78de281bac2ca"},
    {file = "ml_dtypes-0.2.0-cp311-cp311-win_amd64.whl", hash = "sha256:832a019a1b6db5c4422032ca9940a990fa104eee420f643713241b3a518977fa"},
    {file = "ml_dtypes-0.2.0-cp38-cp38-macosx_10_9_universal2.whl", hash = "sha256:8faaf0897942c8253dd126662776ba45f0a5861968cf0f06d6d465f8a7bc298a"},
    {file = "ml_dtypes-0.2.0-cp38-cp38-manylinux_2_17_aarch64.manylinux2014_aarch64.whl", hash = "sha256:35b984cddbe8173b545a0e3334fe56ea1a5c3eb67c507f60d0cfde1d3fa8f8c2"},
    {file = "ml_dtypes-0.2.0-cp38-cp38-manylinux_2_17_x86_64.manylinux2014_x86_64.whl", hash = "sha256:022d5a4ee6be14569c2a9d1549e16f1ec87ca949681d0dca59995445d5fcdd5b"},
    {file = "ml_dtypes-0.2.0-cp38-cp38-win_amd64.whl", hash = "sha256:50845af3e9a601810751b55091dee6c2562403fa1cb4e0123675cf3a4fc2c17a"},
    {file = "ml_dtypes-0.2.0-cp39-cp39-macosx_10_9_universal2.whl", hash = "sha256:f00c71c8c63e03aff313bc6a7aeaac9a4f1483a921a6ffefa6d4404efd1af3d0"},
    {file = "ml_dtypes-0.2.0-cp39-cp39-manylinux_2_17_aarch64.manylinux2014_aarch64.whl", hash = "sha256:80d304c836d73f10605c58ccf7789c171cc229bfb678748adfb7cea2510dfd0e"},
    {file = "ml_dtypes-0.2.0-cp39-cp39-manylinux_2_17_x86_64.manylinux2014_x86_64.whl", hash = "sha256:32107e7fa9f62db9a5281de923861325211dfff87bd23faefb27b303314635ab"},
    {file = "ml_dtypes-0.2.0-cp39-cp39-win_amd64.whl", hash = "sha256:1749b60348da71fd3c2ab303fdbc1965958dc50775ead41f5669c932a341cafd"},
    {file = "ml_dtypes-0.2.0.tar.gz", hash = "sha256:6488eb642acaaf08d8020f6de0a38acee7ac324c1e6e92ee0c0fea42422cb797"},
]

[package.dependencies]
numpy = [
    {version = ">1.20", markers = "python_version <= \"3.9\""},
    {version = ">=1.23.3", markers = "python_version > \"3.10\""},
    {version = ">=1.21.2", markers = "python_version > \"3.9\""},
]

[package.extras]
dev = ["absl-py", "pyink", "pylint (>=2.6.0)", "pytest", "pytest-xdist"]

[[package]]
name = "numpy"
version = "1.24.3"
description = "Fundamental package for array computing in Python"
optional = false
python-versions = ">=3.8"
files = [
    {file = "numpy-1.24.3-cp310-cp310-macosx_10_9_x86_64.whl", hash = "sha256:3c1104d3c036fb81ab923f507536daedc718d0ad5a8707c6061cdfd6d184e570"},
    {file = "numpy-1.24.3-cp310-cp310-macosx_11_0_arm64.whl", hash = "sha256:202de8f38fc4a45a3eea4b63e2f376e5f2dc64ef0fa692838e31a808520efaf7"},
    {file = "numpy-1.24.3-cp310-cp310-manylinux_2_17_aarch64.manylinux2014_aarch64.whl", hash = "sha256:8535303847b89aa6b0f00aa1dc62867b5a32923e4d1681a35b5eef2d9591a463"},
    {file = "numpy-1.24.3-cp310-cp310-manylinux_2_17_x86_64.manylinux2014_x86_64.whl", hash = "sha256:2d926b52ba1367f9acb76b0df6ed21f0b16a1ad87c6720a1121674e5cf63e2b6"},
    {file = "numpy-1.24.3-cp310-cp310-win32.whl", hash = "sha256:f21c442fdd2805e91799fbe044a7b999b8571bb0ab0f7850d0cb9641a687092b"},
    {file = "numpy-1.24.3-cp310-cp310-win_amd64.whl", hash = "sha256:ab5f23af8c16022663a652d3b25dcdc272ac3f83c3af4c02eb8b824e6b3ab9d7"},
    {file = "numpy-1.24.3-cp311-cp311-macosx_10_9_x86_64.whl", hash = "sha256:9a7721ec204d3a237225db3e194c25268faf92e19338a35f3a224469cb6039a3"},
    {file = "numpy-1.24.3-cp311-cp311-macosx_11_0_arm64.whl", hash = "sha256:d6cc757de514c00b24ae8cf5c876af2a7c3df189028d68c0cb4eaa9cd5afc2bf"},
    {file = "numpy-1.24.3-cp311-cp311-manylinux_2_17_aarch64.manylinux2014_aarch64.whl", hash = "sha256:76e3f4e85fc5d4fd311f6e9b794d0c00e7002ec122be271f2019d63376f1d385"},
    {file = "numpy-1.24.3-cp311-cp311-manylinux_2_17_x86_64.manylinux2014_x86_64.whl", hash = "sha256:a1d3c026f57ceaad42f8231305d4653d5f05dc6332a730ae5c0bea3513de0950"},
    {file = "numpy-1.24.3-cp311-cp311-win32.whl", hash = "sha256:c91c4afd8abc3908e00a44b2672718905b8611503f7ff87390cc0ac3423fb096"},
    {file = "numpy-1.24.3-cp311-cp311-win_amd64.whl", hash = "sha256:5342cf6aad47943286afa6f1609cad9b4266a05e7f2ec408e2cf7aea7ff69d80"},
    {file = "numpy-1.24.3-cp38-cp38-macosx_10_9_x86_64.whl", hash = "sha256:7776ea65423ca6a15255ba1872d82d207bd1e09f6d0894ee4a64678dd2204078"},
    {file = "numpy-1.24.3-cp38-cp38-macosx_11_0_arm64.whl", hash = "sha256:ae8d0be48d1b6ed82588934aaaa179875e7dc4f3d84da18d7eae6eb3f06c242c"},
    {file = "numpy-1.24.3-cp38-cp38-manylinux_2_17_aarch64.manylinux2014_aarch64.whl", hash = "sha256:ecde0f8adef7dfdec993fd54b0f78183051b6580f606111a6d789cd14c61ea0c"},
    {file = "numpy-1.24.3-cp38-cp38-manylinux_2_17_x86_64.manylinux2014_x86_64.whl", hash = "sha256:4749e053a29364d3452c034827102ee100986903263e89884922ef01a0a6fd2f"},
    {file = "numpy-1.24.3-cp38-cp38-win32.whl", hash = "sha256:d933fabd8f6a319e8530d0de4fcc2e6a61917e0b0c271fded460032db42a0fe4"},
    {file = "numpy-1.24.3-cp38-cp38-win_amd64.whl", hash = "sha256:56e48aec79ae238f6e4395886b5eaed058abb7231fb3361ddd7bfdf4eed54289"},
    {file = "numpy-1.24.3-cp39-cp39-macosx_10_9_x86_64.whl", hash = "sha256:4719d5aefb5189f50887773699eaf94e7d1e02bf36c1a9d353d9f46703758ca4"},
    {file = "numpy-1.24.3-cp39-cp39-macosx_11_0_arm64.whl", hash = "sha256:0ec87a7084caa559c36e0a2309e4ecb1baa03b687201d0a847c8b0ed476a7187"},
    {file = "numpy-1.24.3-cp39-cp39-manylinux_2_17_aarch64.manylinux2014_aarch64.whl", hash = "sha256:ea8282b9bcfe2b5e7d491d0bf7f3e2da29700cec05b49e64d6246923329f2b02"},
    {file = "numpy-1.24.3-cp39-cp39-manylinux_2_17_x86_64.manylinux2014_x86_64.whl", hash = "sha256:210461d87fb02a84ef243cac5e814aad2b7f4be953b32cb53327bb49fd77fbb4"},
    {file = "numpy-1.24.3-cp39-cp39-win32.whl", hash = "sha256:784c6da1a07818491b0ffd63c6bbe5a33deaa0e25a20e1b3ea20cf0e43f8046c"},
    {file = "numpy-1.24.3-cp39-cp39-win_amd64.whl", hash = "sha256:d5036197ecae68d7f491fcdb4df90082b0d4960ca6599ba2659957aafced7c17"},
    {file = "numpy-1.24.3-pp38-pypy38_pp73-macosx_10_9_x86_64.whl", hash = "sha256:352ee00c7f8387b44d19f4cada524586f07379c0d49270f87233983bc5087ca0"},
    {file = "numpy-1.24.3-pp38-pypy38_pp73-manylinux_2_17_x86_64.manylinux2014_x86_64.whl", hash = "sha256:1a7d6acc2e7524c9955e5c903160aa4ea083736fde7e91276b0e5d98e6332812"},
    {file = "numpy-1.24.3-pp38-pypy38_pp73-win_amd64.whl", hash = "sha256:35400e6a8d102fd07c71ed7dcadd9eb62ee9a6e84ec159bd48c28235bbb0f8e4"},
    {file = "numpy-1.24.3.tar.gz", hash = "sha256:ab344f1bf21f140adab8e47fdbc7c35a477dc01408791f8ba00d018dd0bc5155"},
]

[[package]]
name = "opt-einsum"
version = "3.3.0"
description = "Optimizing numpys einsum function"
optional = false
python-versions = ">=3.5"
files = [
    {file = "opt_einsum-3.3.0-py3-none-any.whl", hash = "sha256:2455e59e3947d3c275477df7f5205b30635e266fe6dc300e3d9f9646bfcea147"},
    {file = "opt_einsum-3.3.0.tar.gz", hash = "sha256:59f6475f77bbc37dcf7cd748519c0ec60722e91e63ca114e68821c0c54a46549"},
]

[package.dependencies]
numpy = ">=1.7"

[package.extras]
docs = ["numpydoc", "sphinx (==1.2.3)", "sphinx-rtd-theme", "sphinxcontrib-napoleon"]
tests = ["pytest", "pytest-cov", "pytest-pep8"]

[[package]]
name = "packaging"
version = "23.1"
description = "Core utilities for Python packages"
optional = false
python-versions = ">=3.7"
files = [
    {file = "packaging-23.1-py3-none-any.whl", hash = "sha256:994793af429502c4ea2ebf6bf664629d07c1a9fe974af92966e4b8d2df7edc61"},
    {file = "packaging-23.1.tar.gz", hash = "sha256:a392980d2b6cffa644431898be54b0045151319d1e7ec34f0cfed48767dd334f"},
]

[[package]]
name = "pluggy"
version = "1.0.0"
description = "plugin and hook calling mechanisms for python"
optional = false
python-versions = ">=3.6"
files = [
    {file = "pluggy-1.0.0-py2.py3-none-any.whl", hash = "sha256:74134bbf457f031a36d68416e1509f34bd5ccc019f0bcc952c7b909d06b37bd3"},
    {file = "pluggy-1.0.0.tar.gz", hash = "sha256:4224373bacce55f955a878bf9cfa763c1e360858e330072059e10bad68531159"},
]

[package.extras]
dev = ["pre-commit", "tox"]
testing = ["pytest", "pytest-benchmark"]

[[package]]
name = "pytest"
version = "7.3.2"
description = "pytest: simple powerful testing with Python"
optional = false
python-versions = ">=3.7"
files = [
    {file = "pytest-7.3.2-py3-none-any.whl", hash = "sha256:cdcbd012c9312258922f8cd3f1b62a6580fdced17db6014896053d47cddf9295"},
    {file = "pytest-7.3.2.tar.gz", hash = "sha256:ee990a3cc55ba808b80795a79944756f315c67c12b56abd3ac993a7b8c17030b"},
]

[package.dependencies]
colorama = {version = "*", markers = "sys_platform == \"win32\""}
exceptiongroup = {version = ">=1.0.0rc8", markers = "python_version < \"3.11\""}
iniconfig = "*"
packaging = "*"
pluggy = ">=0.12,<2.0"
tomli = {version = ">=1.0.0", markers = "python_version < \"3.11\""}

[package.extras]
testing = ["argcomplete", "attrs (>=19.2.0)", "hypothesis (>=3.56)", "mock", "nose", "pygments (>=2.7.2)", "requests", "setuptools", "xmlschema"]

[[package]]
name = "scipy"
version = "1.10.1"
description = "Fundamental algorithms for scientific computing in Python"
optional = false
python-versions = "<3.12,>=3.8"
files = [
    {file = "scipy-1.10.1-cp310-cp310-macosx_10_9_x86_64.whl", hash = "sha256:e7354fd7527a4b0377ce55f286805b34e8c54b91be865bac273f527e1b839019"},
    {file = "scipy-1.10.1-cp310-cp310-macosx_12_0_arm64.whl", hash = "sha256:4b3f429188c66603a1a5c549fb414e4d3bdc2a24792e061ffbd607d3d75fd84e"},
    {file = "scipy-1.10.1-cp310-cp310-manylinux_2_17_aarch64.manylinux2014_aarch64.whl", hash = "sha256:1553b5dcddd64ba9a0d95355e63fe6c3fc303a8fd77c7bc91e77d61363f7433f"},
    {file = "scipy-1.10.1-cp310-cp310-manylinux_2_17_x86_64.manylinux2014_x86_64.whl", hash = "sha256:4c0ff64b06b10e35215abce517252b375e580a6125fd5fdf6421b98efbefb2d2"},
    {file = "scipy-1.10.1-cp310-cp310-win_amd64.whl", hash = "sha256:fae8a7b898c42dffe3f7361c40d5952b6bf32d10c4569098d276b4c547905ee1"},
    {file = "scipy-1.10.1-cp311-cp311-macosx_10_9_x86_64.whl", hash = "sha256:0f1564ea217e82c1bbe75ddf7285ba0709ecd503f048cb1236ae9995f64217bd"},
    {file = "scipy-1.10.1-cp311-cp311-macosx_12_0_arm64.whl", hash = "sha256:d925fa1c81b772882aa55bcc10bf88324dadb66ff85d548c71515f6689c6dac5"},
    {file = "scipy-1.10.1-cp311-cp311-manylinux_2_17_aarch64.manylinux2014_aarch64.whl", hash = "sha256:aaea0a6be54462ec027de54fca511540980d1e9eea68b2d5c1dbfe084797be35"},
    {file = "scipy-1.10.1-cp311-cp311-manylinux_2_17_x86_64.manylinux2014_x86_64.whl", hash = "sha256:15a35c4242ec5f292c3dd364a7c71a61be87a3d4ddcc693372813c0b73c9af1d"},
    {file = "scipy-1.10.1-cp311-cp311-win_amd64.whl", hash = "sha256:43b8e0bcb877faf0abfb613d51026cd5cc78918e9530e375727bf0625c82788f"},
    {file = "scipy-1.10.1-cp38-cp38-macosx_10_9_x86_64.whl", hash = "sha256:5678f88c68ea866ed9ebe3a989091088553ba12c6090244fdae3e467b1139c35"},
    {file = "scipy-1.10.1-cp38-cp38-macosx_12_0_arm64.whl", hash = "sha256:39becb03541f9e58243f4197584286e339029e8908c46f7221abeea4b749fa88"},
    {file = "scipy-1.10.1-cp38-cp38-manylinux_2_17_aarch64.manylinux2014_aarch64.whl", hash = "sha256:bce5869c8d68cf383ce240e44c1d9ae7c06078a9396df68ce88a1230f93a30c1"},
    {file = "scipy-1.10.1-cp38-cp38-manylinux_2_17_x86_64.manylinux2014_x86_64.whl", hash = "sha256:07c3457ce0b3ad5124f98a86533106b643dd811dd61b548e78cf4c8786652f6f"},
    {file = "scipy-1.10.1-cp38-cp38-win_amd64.whl", hash = "sha256:049a8bbf0ad95277ffba9b3b7d23e5369cc39e66406d60422c8cfef40ccc8415"},
    {file = "scipy-1.10.1-cp39-cp39-macosx_10_9_x86_64.whl", hash = "sha256:cd9f1027ff30d90618914a64ca9b1a77a431159df0e2a195d8a9e8a04c78abf9"},
    {file = "scipy-1.10.1-cp39-cp39-macosx_12_0_arm64.whl", hash = "sha256:79c8e5a6c6ffaf3a2262ef1be1e108a035cf4f05c14df56057b64acc5bebffb6"},
    {file = "scipy-1.10.1-cp39-cp39-manylinux_2_17_aarch64.manylinux2014_aarch64.whl", hash = "sha256:51af417a000d2dbe1ec6c372dfe688e041a7084da4fdd350aeb139bd3fb55353"},
    {file = "scipy-1.10.1-cp39-cp39-manylinux_2_17_x86_64.manylinux2014_x86_64.whl", hash = "sha256:1b4735d6c28aad3cdcf52117e0e91d6b39acd4272f3f5cd9907c24ee931ad601"},
    {file = "scipy-1.10.1-cp39-cp39-win_amd64.whl", hash = "sha256:7ff7f37b1bf4417baca958d254e8e2875d0cc23aaadbe65b3d5b3077b0eb23ea"},
    {file = "scipy-1.10.1.tar.gz", hash = "sha256:2cf9dfb80a7b4589ba4c40ce7588986d6d5cebc5457cad2c2880f6bc2d42f3a5"},
]

[package.dependencies]
numpy = ">=1.19.5,<1.27.0"

[package.extras]
dev = ["click", "doit (>=0.36.0)", "flake8", "mypy", "pycodestyle", "pydevtool", "rich-click", "typing_extensions"]
doc = ["matplotlib (>2)", "numpydoc", "pydata-sphinx-theme (==0.9.0)", "sphinx (!=4.1.0)", "sphinx-design (>=0.2.0)"]
test = ["asv", "gmpy2", "mpmath", "pooch", "pytest", "pytest-cov", "pytest-timeout", "pytest-xdist", "scikit-umfpack", "threadpoolctl"]

[[package]]
name = "tomli"
version = "2.0.1"
description = "A lil' TOML parser"
optional = false
python-versions = ">=3.7"
files = [
    {file = "tomli-2.0.1-py3-none-any.whl", hash = "sha256:939de3e7a6161af0c887ef91b7d41a53e7c5a1ca976325f429cb46ea9bc30ecc"},
    {file = "tomli-2.0.1.tar.gz", hash = "sha256:de526c12914f0c550d15924c62d72abc48d6fe7364aa87328337a31007fe8a4f"},
]

[[package]]
name = "tqdm"
version = "4.65.0"
description = "Fast, Extensible Progress Meter"
optional = false
python-versions = ">=3.7"
files = [
    {file = "tqdm-4.65.0-py3-none-any.whl", hash = "sha256:c4f53a17fe37e132815abceec022631be8ffe1b9381c2e6e30aa70edc99e9671"},
    {file = "tqdm-4.65.0.tar.gz", hash = "sha256:1871fb68a86b8fb3b59ca4cdd3dcccbc7e6d613eeed31f4c332531977b89beb5"},
]

[package.dependencies]
colorama = {version = "*", markers = "platform_system == \"Windows\""}

[package.extras]
dev = ["py-make (>=0.1.0)", "twine", "wheel"]
notebook = ["ipywidgets (>=6)"]
slack = ["slack-sdk"]
telegram = ["requests"]

[[package]]
name = "zipp"
version = "3.15.0"
description = "Backport of pathlib-compatible object wrapper for zip files"
optional = false
python-versions = ">=3.7"
files = [
    {file = "zipp-3.15.0-py3-none-any.whl", hash = "sha256:48904fc76a60e542af151aded95726c1a5c34ed43ab4134b597665c86d7ad556"},
    {file = "zipp-3.15.0.tar.gz", hash = "sha256:112929ad649da941c23de50f356a2b5570c954b65150642bccdd66bf194d224b"},
]

[package.extras]
docs = ["furo", "jaraco.packaging (>=9)", "jaraco.tidelift (>=1.4)", "rst.linker (>=1.9)", "sphinx (>=3.5)", "sphinx-lint"]
testing = ["big-O", "flake8 (<5)", "jaraco.functools", "jaraco.itertools", "more-itertools", "pytest (>=6)", "pytest-black (>=0.3.7)", "pytest-checkdocs (>=2.4)", "pytest-cov", "pytest-enabler (>=1.3)", "pytest-flake8", "pytest-mypy (>=0.9.1)"]

[metadata]
lock-version = "2.0"
python-versions = ">=3.8,<3.12"
content-hash = "3c1bbc1eb3d5dbf75139f1e7f56ea1fbd7f04cdafcd308503b1b4b1546077896"
